
Microsoft Visual Studio Solution File, Format Version 12.00
# Visual Studio Version 16
VisualStudioVersion = 16.0.30225.117
MinimumVisualStudioVersion = 10.0.40219.1
Project("{FAE04EC0-301F-11D3-BF4B-00C04F79EFBC}") = "gpacalc", "gpacalc.csproj", "{F7061D16-844B-4161-97B3-57F2AE1900C0}"
EndProject
Global
	GlobalSection(SolutionConfigurationPlatforms) = preSolution
		Debug|Any CPU = Debug|Any CPU
		Release|Any CPU = Release|Any CPU
	EndGlobalSection
	GlobalSection(ProjectConfigurationPlatforms) = postSolution
		{F7061D16-844B-4161-97B3-57F2AE1900C0}.Debug|Any CPU.ActiveCfg = Debug|Any CPU
		{F7061D16-844B-4161-97B3-57F2AE1900C0}.Debug|Any CPU.Build.0 = Debug|Any CPU
		{F7061D16-844B-4161-97B3-57F2AE1900C0}.Release|Any CPU.ActiveCfg = Release|Any CPU
		{F7061D16-844B-4161-97B3-57F2AE1900C0}.Release|Any CPU.Build.0 = Release|Any CPU
	EndGlobalSection
	GlobalSection(SolutionProperties) = preSolution
		HideSolutionNode = FALSE
	EndGlobalSection
	GlobalSection(ExtensibilityGlobals) = postSolution
		SolutionGuid = {843AD4D3-D367-41A6-AD02-97028796C782}
	EndGlobalSection
EndGlobal
